
Microsoft Visual Studio Solution File, Format Version 12.00
# Visual Studio Version 16
VisualStudioVersion = 16.0.29519.87
MinimumVisualStudioVersion = 10.0.40219.1
Project("{9A19103F-16F7-4668-BE54-9A1E7A4F7556}") = "ForwardChaining", "ForwardChaining\ForwardChaining.csproj", "{DEE10166-DFFB-4B2A-AEE5-B4D19C605E3B}"
EndProject
Project("{9A19103F-16F7-4668-BE54-9A1E7A4F7556}") = "BackwardChaining", "BackwardChaining\BackwardChaining.csproj", "{720F9368-6357-434F-91BD-BA4132DCB9A5}"
EndProject
Project("{9A19103F-16F7-4668-BE54-9A1E7A4F7556}") = "Frontend", "Frontend\Frontend.csproj", "{400901A2-0A5D-4CC9-9687-370EC8A1E60E}"
EndProject
Project("{9A19103F-16F7-4668-BE54-9A1E7A4F7556}") = "Common", "Common\Common.csproj", "{E6BB7DDF-2965-46B8-B9CF-FABB87F03E58}"
EndProject
Project("{FAE04EC0-301F-11D3-BF4B-00C04F79EFBC}") = "ServiceForRuleA-B", "ServiceForRuleA-B\ServiceForRuleA-B.csproj", "{9FCF04A2-EA52-4342-8D45-B5E96FFFE7E2}"
EndProject
Project("{FAE04EC0-301F-11D3-BF4B-00C04F79EFBC}") = "ServiceForRuleB-C", "ServiceForRuleB-C\ServiceForRuleB-C.csproj", "{903993A8-90BE-40C1-8D5C-5DD4E328F0A8}"
EndProject
Global
	GlobalSection(SolutionConfigurationPlatforms) = preSolution
		Debug|Any CPU = Debug|Any CPU
		Release|Any CPU = Release|Any CPU
	EndGlobalSection
	GlobalSection(ProjectConfigurationPlatforms) = postSolution
		{DEE10166-DFFB-4B2A-AEE5-B4D19C605E3B}.Debug|Any CPU.ActiveCfg = Debug|Any CPU
		{DEE10166-DFFB-4B2A-AEE5-B4D19C605E3B}.Debug|Any CPU.Build.0 = Debug|Any CPU
		{DEE10166-DFFB-4B2A-AEE5-B4D19C605E3B}.Release|Any CPU.ActiveCfg = Release|Any CPU
		{DEE10166-DFFB-4B2A-AEE5-B4D19C605E3B}.Release|Any CPU.Build.0 = Release|Any CPU
		{720F9368-6357-434F-91BD-BA4132DCB9A5}.Debug|Any CPU.ActiveCfg = Debug|Any CPU
		{720F9368-6357-434F-91BD-BA4132DCB9A5}.Debug|Any CPU.Build.0 = Debug|Any CPU
		{720F9368-6357-434F-91BD-BA4132DCB9A5}.Release|Any CPU.ActiveCfg = Release|Any CPU
		{720F9368-6357-434F-91BD-BA4132DCB9A5}.Release|Any CPU.Build.0 = Release|Any CPU
		{400901A2-0A5D-4CC9-9687-370EC8A1E60E}.Debug|Any CPU.ActiveCfg = Debug|Any CPU
		{400901A2-0A5D-4CC9-9687-370EC8A1E60E}.Debug|Any CPU.Build.0 = Debug|Any CPU
		{400901A2-0A5D-4CC9-9687-370EC8A1E60E}.Release|Any CPU.ActiveCfg = Release|Any CPU
		{400901A2-0A5D-4CC9-9687-370EC8A1E60E}.Release|Any CPU.Build.0 = Release|Any CPU
		{E6BB7DDF-2965-46B8-B9CF-FABB87F03E58}.Debug|Any CPU.ActiveCfg = Debug|Any CPU
		{E6BB7DDF-2965-46B8-B9CF-FABB87F03E58}.Debug|Any CPU.Build.0 = Debug|Any CPU
		{E6BB7DDF-2965-46B8-B9CF-FABB87F03E58}.Release|Any CPU.ActiveCfg = Release|Any CPU
		{E6BB7DDF-2965-46B8-B9CF-FABB87F03E58}.Release|Any CPU.Build.0 = Release|Any CPU
		{9FCF04A2-EA52-4342-8D45-B5E96FFFE7E2}.Debug|Any CPU.ActiveCfg = Debug|Any CPU
		{9FCF04A2-EA52-4342-8D45-B5E96FFFE7E2}.Debug|Any CPU.Build.0 = Debug|Any CPU
		{9FCF04A2-EA52-4342-8D45-B5E96FFFE7E2}.Release|Any CPU.ActiveCfg = Release|Any CPU
		{9FCF04A2-EA52-4342-8D45-B5E96FFFE7E2}.Release|Any CPU.Build.0 = Release|Any CPU
		{903993A8-90BE-40C1-8D5C-5DD4E328F0A8}.Debug|Any CPU.ActiveCfg = Debug|Any CPU
		{903993A8-90BE-40C1-8D5C-5DD4E328F0A8}.Debug|Any CPU.Build.0 = Debug|Any CPU
		{903993A8-90BE-40C1-8D5C-5DD4E328F0A8}.Release|Any CPU.ActiveCfg = Release|Any CPU
		{903993A8-90BE-40C1-8D5C-5DD4E328F0A8}.Release|Any CPU.Build.0 = Release|Any CPU
	EndGlobalSection
	GlobalSection(SolutionProperties) = preSolution
		HideSolutionNode = FALSE
	EndGlobalSection
	GlobalSection(ExtensibilityGlobals) = postSolution
		SolutionGuid = {0E2C28A0-6690-4941-AD13-DFCCCD8D1AC7}
	EndGlobalSection
EndGlobal
